
Microsoft Visual Studio Solution File, Format Version 12.00
# Visual Studio Version 17
VisualStudioVersion = 17.4.33205.214
MinimumVisualStudioVersion = 10.0.40219.1
Project("{FAE04EC0-301F-11D3-BF4B-00C04F79EFBC}") = "DapperLecture", "DapperLecture\DapperLecture.csproj", "{29FCDE9B-86C5-499B-A793-3B21055B62B5}"
EndProject
Global
	GlobalSection(SolutionConfigurationPlatforms) = preSolution
		Debug|Any CPU = Debug|Any CPU
		Release|Any CPU = Release|Any CPU
	EndGlobalSection
	GlobalSection(ProjectConfigurationPlatforms) = postSolution
		{29FCDE9B-86C5-499B-A793-3B21055B62B5}.Debug|Any CPU.ActiveCfg = Debug|Any CPU
		{29FCDE9B-86C5-499B-A793-3B21055B62B5}.Debug|Any CPU.Build.0 = Debug|Any CPU
		{29FCDE9B-86C5-499B-A793-3B21055B62B5}.Release|Any CPU.ActiveCfg = Release|Any CPU
		{29FCDE9B-86C5-499B-A793-3B21055B62B5}.Release|Any CPU.Build.0 = Release|Any CPU
	EndGlobalSection
	GlobalSection(SolutionProperties) = preSolution
		HideSolutionNode = FALSE
	EndGlobalSection
	GlobalSection(ExtensibilityGlobals) = postSolution
		SolutionGuid = {7B3769C3-A34F-48BA-9790-7D3DD692E890}
	EndGlobalSection
EndGlobal
